// !$*UTF8*$!
{
	archiveVersion = 1;
	classes = {
	};
	objectVersion = 50;
	objects = {

/* Begin PBXBuildFile section */
		47441A622474102D00D32271 /* AppDelegate.swift in Sources */ = {isa = PBXBuildFile; fileRef = 47441A612474102D00D32271 /* AppDelegate.swift */; };
		47441A642474102D00D32271 /* ViewController.swift in Sources */ = {isa = PBXBuildFile; fileRef = 47441A632474102D00D32271 /* ViewController.swift */; };
		47441A672474102D00D32271 /* Main.storyboard in Resources */ = {isa = PBXBuildFile; fileRef = 47441A652474102D00D32271 /* Main.storyboard */; };
		47441A692474103800D32271 /* Assets.xcassets in Resources */ = {isa = PBXBuildFile; fileRef = 47441A682474103800D32271 /* Assets.xcassets */; };
		47441A6C2474103800D32271 /* LaunchScreen.storyboard in Resources */ = {isa = PBXBuildFile; fileRef = 47441A6A2474103800D32271 /* LaunchScreen.storyboard */; };
		47441A772474103900D32271 /* _516___Tests.swift in Sources */ = {isa = PBXBuildFile; fileRef = 47441A762474103900D32271 /* _516___Tests.swift */; };
		47441A822474103900D32271 /* _516___UITests.swift in Sources */ = {isa = PBXBuildFile; fileRef = 47441A812474103900D32271 /* _516___UITests.swift */; };
/* End PBXBuildFile section */

/* Begin PBXContainerItemProxy section */
		47441A732474103800D32271 /* PBXContainerItemProxy */ = {
			isa = PBXContainerItemProxy;
			containerPortal = 47441A562474102D00D32271 /* Project object */;
			proxyType = 1;
			remoteGlobalIDString = 47441A5D2474102D00D32271;
			remoteInfo = "0516問答題";
		};
		47441A7E2474103900D32271 /* PBXContainerItemProxy */ = {
			isa = PBXContainerItemProxy;
			containerPortal = 47441A562474102D00D32271 /* Project object */;
			proxyType = 1;
			remoteGlobalIDString = 47441A5D2474102D00D32271;
			remoteInfo = "0516問答題";
		};
/* End PBXContainerItemProxy section */

/* Begin PBXFileReference section */
		47441A5E2474102D00D32271 /* 0516問答題.app */ = {isa = PBXFileReference; explicitFileType = wrapper.application; includeInIndex = 0; path = "0516問答題.app"; sourceTree = BUILT_PRODUCTS_DIR; };
		47441A612474102D00D32271 /* AppDelegate.swift */ = {isa = PBXFileReference; lastKnownFileType = sourcecode.swift; path = AppDelegate.swift; sourceTree = "<group>"; };
		47441A632474102D00D32271 /* ViewController.swift */ = {isa = PBXFileReference; lastKnownFileType = sourcecode.swift; path = ViewController.swift; sourceTree = "<group>"; };
		47441A662474102D00D32271 /* Base */ = {isa = PBXFileReference; lastKnownFileType = file.storyboard; name = Base; path = Base.lproj/Main.storyboard; sourceTree = "<group>"; };
		47441A682474103800D32271 /* Assets.xcassets */ = {isa = PBXFileReference; lastKnownFileType = folder.assetcatalog; path = Assets.xcassets; sourceTree = "<group>"; };
		47441A6B2474103800D32271 /* Base */ = {isa = PBXFileReference; lastKnownFileType = file.storyboard; name = Base; path = Base.lproj/LaunchScreen.storyboard; sourceTree = "<group>"; };
		47441A6D2474103800D32271 /* Info.plist */ = {isa = PBXFileReference; lastKnownFileType = text.plist.xml; path = Info.plist; sourceTree = "<group>"; };
		47441A722474103800D32271 /* 0516問答題Tests.xctest */ = {isa = PBXFileReference; explicitFileType = wrapper.cfbundle; includeInIndex = 0; path = "0516問答題Tests.xctest"; sourceTree = BUILT_PRODUCTS_DIR; };
		47441A762474103900D32271 /* _516___Tests.swift */ = {isa = PBXFileReference; lastKnownFileType = sourcecode.swift; path = "_516___Tests.swift"; sourceTree = "<group>"; };
		47441A782474103900D32271 /* Info.plist */ = {isa = PBXFileReference; lastKnownFileType = text.plist.xml; path = Info.plist; sourceTree = "<group>"; };
		47441A7D2474103900D32271 /* 0516問答題UITests.xctest */ = {isa = PBXFileReference; explicitFileType = wrapper.cfbundle; includeInIndex = 0; path = "0516問答題UITests.xctest"; sourceTree = BUILT_PRODUCTS_DIR; };
		47441A812474103900D32271 /* _516___UITests.swift */ = {isa = PBXFileReference; lastKnownFileType = sourcecode.swift; path = "_516___UITests.swift"; sourceTree = "<group>"; };
		47441A832474103900D32271 /* Info.plist */ = {isa = PBXFileReference; lastKnownFileType = text.plist.xml; path = Info.plist; sourceTree = "<group>"; };
/* End PBXFileReference section */

/* Begin PBXFrameworksBuildPhase section */
		47441A5B2474102D00D32271 /* Frameworks */ = {
			isa = PBXFrameworksBuildPhase;
			buildActionMask = 2147483647;
			files = (
			);
			runOnlyForDeploymentPostprocessing = 0;
		};
		47441A6F2474103800D32271 /* Frameworks */ = {
			isa = PBXFrameworksBuildPhase;
			buildActionMask = 2147483647;
			files = (
			);
			runOnlyForDeploymentPostprocessing = 0;
		};
		47441A7A2474103900D32271 /* Frameworks */ = {
			isa = PBXFrameworksBuildPhase;
			buildActionMask = 2147483647;
			files = (
			);
			runOnlyForDeploymentPostprocessing = 0;
		};
/* End PBXFrameworksBuildPhase section */

/* Begin PBXGroup section */
		47441A552474102C00D32271 = {
			isa = PBXGroup;
			children = (
				47441A602474102D00D32271 /* 0516問答題 */,
				47441A752474103800D32271 /* 0516問答題Tests */,
				47441A802474103900D32271 /* 0516問答題UITests */,
				47441A5F2474102D00D32271 /* Products */,
			);
			sourceTree = "<group>";
		};
		47441A5F2474102D00D32271 /* Products */ = {
			isa = PBXGroup;
			children = (
				47441A5E2474102D00D32271 /* 0516問答題.app */,
				47441A722474103800D32271 /* 0516問答題Tests.xctest */,
				47441A7D2474103900D32271 /* 0516問答題UITests.xctest */,
			);
			name = Products;
			sourceTree = "<group>";
		};
		47441A602474102D00D32271 /* 0516問答題 */ = {
			isa = PBXGroup;
			children = (
				47441A612474102D00D32271 /* AppDelegate.swift */,
				47441A632474102D00D32271 /* ViewController.swift */,
				47441A652474102D00D32271 /* Main.storyboard */,
				47441A682474103800D32271 /* Assets.xcassets */,
				47441A6A2474103800D32271 /* LaunchScreen.storyboard */,
				47441A6D2474103800D32271 /* Info.plist */,
			);
			path = "0516問答題";
			sourceTree = "<group>";
		};
		47441A752474103800D32271 /* 0516問答題Tests */ = {
			isa = PBXGroup;
			children = (
				47441A762474103900D32271 /* _516___Tests.swift */,
				47441A782474103900D32271 /* Info.plist */,
			);
			path = "0516問答題Tests";
			sourceTree = "<group>";
		};
		47441A802474103900D32271 /* 0516問答題UITests */ = {
			isa = PBXGroup;
			children = (
				47441A812474103900D32271 /* _516___UITests.swift */,
				47441A832474103900D32271 /* Info.plist */,
			);
			path = "0516問答題UITests";
			sourceTree = "<group>";
		};
/* End PBXGroup section */

/* Begin PBXNativeTarget section */
		47441A5D2474102D00D32271 /* 0516問答題 */ = {
			isa = PBXNativeTarget;
			buildConfigurationList = 47441A862474103900D32271 /* Build configuration list for PBXNativeTarget "0516問答題" */;
			buildPhases = (
				47441A5A2474102D00D32271 /* Sources */,
				47441A5B2474102D00D32271 /* Frameworks */,
				47441A5C2474102D00D32271 /* Resources */,
			);
			buildRules = (
			);
			dependencies = (
			);
			name = "0516問答題";
			productName = "0516問答題";
			productReference = 47441A5E2474102D00D32271 /* 0516問答題.app */;
			productType = "com.apple.product-type.application";
		};
		47441A712474103800D32271 /* 0516問答題Tests */ = {
			isa = PBXNativeTarget;
			buildConfigurationList = 47441A892474103900D32271 /* Build configuration list for PBXNativeTarget "0516問答題Tests" */;
			buildPhases = (
				47441A6E2474103800D32271 /* Sources */,
				47441A6F2474103800D32271 /* Frameworks */,
				47441A702474103800D32271 /* Resources */,
			);
			buildRules = (
			);
			dependencies = (
				47441A742474103800D32271 /* PBXTargetDependency */,
			);
			name = "0516問答題Tests";
			productName = "0516問答題Tests";
			productReference = 47441A722474103800D32271 /* 0516問答題Tests.xctest */;
			productType = "com.apple.product-type.bundle.unit-test";
		};
		47441A7C2474103900D32271 /* 0516問答題UITests */ = {
			isa = PBXNativeTarget;
			buildConfigurationList = 47441A8C2474103900D32271 /* Build configuration list for PBXNativeTarget "0516問答題UITests" */;
			buildPhases = (
				47441A792474103900D32271 /* Sources */,
				47441A7A2474103900D32271 /* Frameworks */,
				47441A7B2474103900D32271 /* Resources */,
			);
			buildRules = (
			);
			dependencies = (
				47441A7F2474103900D32271 /* PBXTargetDependency */,
			);
			name = "0516問答題UITests";
			productName = "0516問答題UITests";
			productReference = 47441A7D2474103900D32271 /* 0516問答題UITests.xctest */;
			productType = "com.apple.product-type.bundle.ui-testing";
		};
/* End PBXNativeTarget section */

/* Begin PBXProject section */
		47441A562474102D00D32271 /* Project object */ = {
			isa = PBXProject;
			attributes = {
				LastSwiftUpdateCheck = 1010;
				LastUpgradeCheck = 1010;
				ORGANIZATIONNAME = "黃郁方";
				TargetAttributes = {
					47441A5D2474102D00D32271 = {
						CreatedOnToolsVersion = 10.1;
					};
					47441A712474103800D32271 = {
						CreatedOnToolsVersion = 10.1;
						TestTargetID = 47441A5D2474102D00D32271;
					};
					47441A7C2474103900D32271 = {
						CreatedOnToolsVersion = 10.1;
						TestTargetID = 47441A5D2474102D00D32271;
					};
				};
			};
			buildConfigurationList = 47441A592474102D00D32271 /* Build configuration list for PBXProject "0516問答題" */;
			compatibilityVersion = "Xcode 9.3";
			developmentRegion = en;
			hasScannedForEncodings = 0;
			knownRegions = (
				en,
				Base,
			);
			mainGroup = 47441A552474102C00D32271;
			productRefGroup = 47441A5F2474102D00D32271 /* Products */;
			projectDirPath = "";
			projectRoot = "";
			targets = (
				47441A5D2474102D00D32271 /* 0516問答題 */,
				47441A712474103800D32271 /* 0516問答題Tests */,
				47441A7C2474103900D32271 /* 0516問答題UITests */,
			);
		};
/* End PBXProject section */

/* Begin PBXResourcesBuildPhase section */
		47441A5C2474102D00D32271 /* Resources */ = {
			isa = PBXResourcesBuildPhase;
			buildActionMask = 2147483647;
			files = (
				47441A6C2474103800D32271 /* LaunchScreen.storyboard in Resources */,
				47441A692474103800D32271 /* Assets.xcassets in Resources */,
				47441A672474102D00D32271 /* Main.storyboard in Resources */,
			);
			runOnlyForDeploymentPostprocessing = 0;
		};
		47441A702474103800D32271 /* Resources */ = {
			isa = PBXResourcesBuildPhase;
			buildActionMask = 2147483647;
			files = (
			);
			runOnlyForDeploymentPostprocessing = 0;
		};
		47441A7B2474103900D32271 /* Resources */ = {
			isa = PBXResourcesBuildPhase;
			buildActionMask = 2147483647;
			files = (
			);
			runOnlyForDeploymentPostprocessing = 0;
		};
/* End PBXResourcesBuildPhase section */

/* Begin PBXSourcesBuildPhase section */
		47441A5A2474102D00D32271 /* Sources */ = {
			isa = PBXSourcesBuildPhase;
			buildActionMask = 2147483647;
			files = (
				47441A642474102D00D32271 /* ViewController.swift in Sources */,
				47441A622474102D00D32271 /* AppDelegate.swift in Sources */,
			);
			runOnlyForDeploymentPostprocessing = 0;
		};
		47441A6E2474103800D32271 /* Sources */ = {
			isa = PBXSourcesBuildPhase;
			buildActionMask = 2147483647;
			files = (
				47441A772474103900D32271 /* _516___Tests.swift in Sources */,
			);
			runOnlyForDeploymentPostprocessing = 0;
		};
		47441A792474103900D32271 /* Sources */ = {
			isa = PBXSourcesBuildPhase;
			buildActionMask = 2147483647;
			files = (
				47441A822474103900D32271 /* _516___UITests.swift in Sources */,
			);
			runOnlyForDeploymentPostprocessing = 0;
		};
/* End PBXSourcesBuildPhase section */

/* Begin PBXTargetDependency section */
		47441A742474103800D32271 /* PBXTargetDependency */ = {
			isa = PBXTargetDependency;
			target = 47441A5D2474102D00D32271 /* 0516問答題 */;
			targetProxy = 47441A732474103800D32271 /* PBXContainerItemProxy */;
		};
		47441A7F2474103900D32271 /* PBXTargetDependency */ = {
			isa = PBXTargetDependency;
			target = 47441A5D2474102D00D32271 /* 0516問答題 */;
			targetProxy = 47441A7E2474103900D32271 /* PBXContainerItemProxy */;
		};
/* End PBXTargetDependency section */

/* Begin PBXVariantGroup section */
		47441A652474102D00D32271 /* Main.storyboard */ = {
			isa = PBXVariantGroup;
			children = (
				47441A662474102D00D32271 /* Base */,
			);
			name = Main.storyboard;
			sourceTree = "<group>";
		};
		47441A6A2474103800D32271 /* LaunchScreen.storyboard */ = {
			isa = PBXVariantGroup;
			children = (
				47441A6B2474103800D32271 /* Base */,
			);
			name = LaunchScreen.storyboard;
			sourceTree = "<group>";
		};
/* End PBXVariantGroup section */

/* Begin XCBuildConfiguration section */
		47441A842474103900D32271 /* Debug */ = {
			isa = XCBuildConfiguration;
			buildSettings = {
				ALWAYS_SEARCH_USER_PATHS = NO;
				CLANG_ANALYZER_NONNULL = YES;
				CLANG_ANALYZER_NUMBER_OBJECT_CONVERSION = YES_AGGRESSIVE;
				CLANG_CXX_LANGUAGE_STANDARD = "gnu++14";
				CLANG_CXX_LIBRARY = "libc++";
				CLANG_ENABLE_MODULES = YES;
				CLANG_ENABLE_OBJC_ARC = YES;
				CLANG_ENABLE_OBJC_WEAK = YES;
				CLANG_WARN_BLOCK_CAPTURE_AUTORELEASING = YES;
				CLANG_WARN_BOOL_CONVERSION = YES;
				CLANG_WARN_COMMA = YES;
				CLANG_WARN_CONSTANT_CONVERSION = YES;
				CLANG_WARN_DEPRECATED_OBJC_IMPLEMENTATIONS = YES;
				CLANG_WARN_DIRECT_OBJC_ISA_USAGE = YES_ERROR;
				CLANG_WARN_DOCUMENTATION_COMMENTS = YES;
				CLANG_WARN_EMPTY_BODY = YES;
				CLANG_WARN_ENUM_CONVERSION = YES;
				CLANG_WARN_INFINITE_RECURSION = YES;
				CLANG_WARN_INT_CONVERSION = YES;
				CLANG_WARN_NON_LITERAL_NULL_CONVERSION = YES;
				CLANG_WARN_OBJC_IMPLICIT_RETAIN_SELF = YES;
				CLANG_WARN_OBJC_LITERAL_CONVERSION = YES;
				CLANG_WARN_OBJC_ROOT_CLASS = YES_ERROR;
				CLANG_WARN_RANGE_LOOP_ANALYSIS = YES;
				CLANG_WARN_STRICT_PROTOTYPES = YES;
				CLANG_WARN_SUSPICIOUS_MOVE = YES;
				CLANG_WARN_UNGUARDED_AVAILABILITY = YES_AGGRESSIVE;
				CLANG_WARN_UNREACHABLE_CODE = YES;
				CLANG_WARN__DUPLICATE_METHOD_MATCH = YES;
				CODE_SIGN_IDENTITY = "iPhone Developer";
				COPY_PHASE_STRIP = NO;
				DEBUG_INFORMATION_FORMAT = dwarf;
				ENABLE_STRICT_OBJC_MSGSEND = YES;
				ENABLE_TESTABILITY = YES;
				GCC_C_LANGUAGE_STANDARD = gnu11;
				GCC_DYNAMIC_NO_PIC = NO;
				GCC_NO_COMMON_BLOCKS = YES;
				GCC_OPTIMIZATION_LEVEL = 0;
				GCC_PREPROCESSOR_DEFINITIONS = (
					"DEBUG=1",
					"$(inherited)",
				);
				GCC_WARN_64_TO_32_BIT_CONVERSION = YES;
				GCC_WARN_ABOUT_RETURN_TYPE = YES_ERROR;
				GCC_WARN_UNDECLARED_SELECTOR = YES;
				GCC_WARN_UNINITIALIZED_AUTOS = YES_AGGRESSIVE;
				GCC_WARN_UNUSED_FUNCTION = YES;
				GCC_WARN_UNUSED_VARIABLE = YES;
				IPHONEOS_DEPLOYMENT_TARGET = 12.1;
				MTL_ENABLE_DEBUG_INFO = INCLUDE_SOURCE;
				MTL_FAST_MATH = YES;
				ONLY_ACTIVE_ARCH = YES;
				SDKROOT = iphoneos;
				SWIFT_ACTIVE_COMPILATION_CONDITIONS = DEBUG;
				SWIFT_OPTIMIZATION_LEVEL = "-Onone";
			};
			name = Debug;
		};
		47441A852474103900D32271 /* Release */ = {
			isa = XCBuildConfiguration;
			buildSettings = {
				ALWAYS_SEARCH_USER_PATHS = NO;
				CLANG_ANALYZER_NONNULL = YES;
				CLANG_ANALYZER_NUMBER_OBJECT_CONVERSION = YES_AGGRESSIVE;
				CLANG_CXX_LANGUAGE_STANDARD = "gnu++14";
				CLANG_CXX_LIBRARY = "libc++";
				CLANG_ENABLE_MODULES = YES;
				CLANG_ENABLE_OBJC_ARC = YES;
				CLANG_ENABLE_OBJC_WEAK = YES;
				CLANG_WARN_BLOCK_CAPTURE_AUTORELEASING = YES;
				CLANG_WARN_BOOL_CONVERSION = YES;
				CLANG_WARN_COMMA = YES;
				CLANG_WARN_CONSTANT_CONVERSION = YES;
				CLANG_WARN_DEPRECATED_OBJC_IMPLEMENTATIONS = YES;
				CLANG_WARN_DIRECT_OBJC_ISA_USAGE = YES_ERROR;
				CLANG_WARN_DOCUMENTATION_COMMENTS = YES;
				CLANG_WARN_EMPTY_BODY = YES;
				CLANG_WARN_ENUM_CONVERSION = YES;
				CLANG_WARN_INFINITE_RECURSION = YES;
				CLANG_WARN_INT_CONVERSION = YES;
				CLANG_WARN_NON_LITERAL_NULL_CONVERSION = YES;
				CLANG_WARN_OBJC_IMPLICIT_RETAIN_SELF = YES;
				CLANG_WARN_OBJC_LITERAL_CONVERSION = YES;
				CLANG_WARN_OBJC_ROOT_CLASS = YES_ERROR;
				CLANG_WARN_RANGE_LOOP_ANALYSIS = YES;
				CLANG_WARN_STRICT_PROTOTYPES = YES;
				CLANG_WARN_SUSPICIOUS_MOVE = YES;
				CLANG_WARN_UNGUARDED_AVAILABILITY = YES_AGGRESSIVE;
				CLANG_WARN_UNREACHABLE_CODE = YES;
				CLANG_WARN__DUPLICATE_METHOD_MATCH = YES;
				CODE_SIGN_IDENTITY = "iPhone Developer";
				COPY_PHASE_STRIP = NO;
				DEBUG_INFORMATION_FORMAT = "dwarf-with-dsym";
				ENABLE_NS_ASSERTIONS = NO;
				ENABLE_STRICT_OBJC_MSGSEND = YES;
				GCC_C_LANGUAGE_STANDARD = gnu11;
				GCC_NO_COMMON_BLOCKS = YES;
				GCC_WARN_64_TO_32_BIT_CONVERSION = YES;
				GCC_WARN_ABOUT_RETURN_TYPE = YES_ERROR;
				GCC_WARN_UNDECLARED_SELECTOR = YES;
				GCC_WARN_UNINITIALIZED_AUTOS = YES_AGGRESSIVE;
				GCC_WARN_UNUSED_FUNCTION = YES;
				GCC_WARN_UNUSED_VARIABLE = YES;
				IPHONEOS_DEPLOYMENT_TARGET = 12.1;
				MTL_ENABLE_DEBUG_INFO = NO;
				MTL_FAST_MATH = YES;
				SDKROOT = iphoneos;
				SWIFT_COMPILATION_MODE = wholemodule;
				SWIFT_OPTIMIZATION_LEVEL = "-O";
				VALIDATE_PRODUCT = YES;
			};
			name = Release;
		};
		47441A872474103900D32271 /* Debug */ = {
			isa = XCBuildConfiguration;
			buildSettings = {
				ASSETCATALOG_COMPILER_APPICON_NAME = AppIcon;
				CODE_SIGN_STYLE = Automatic;
				INFOPLIST_FILE = "0516問答題/Info.plist";
				LD_RUNPATH_SEARCH_PATHS = (
					"$(inherited)",
					"@executable_path/Frameworks",
				);
				PRODUCT_BUNDLE_IDENTIFIER = "sss.-516---";
				PRODUCT_NAME = "$(TARGET_NAME)";
				SWIFT_VERSION = 4.2;
				TARGETED_DEVICE_FAMILY = "1,2";
			};
			name = Debug;
		};
		47441A882474103900D32271 /* Release */ = {
			isa = XCBuildConfiguration;
			buildSettings = {
				ASSETCATALOG_COMPILER_APPICON_NAME = AppIcon;
				CODE_SIGN_STYLE = Automatic;
				INFOPLIST_FILE = "0516問答題/Info.plist";
				LD_RUNPATH_SEARCH_PATHS = (
					"$(inherited)",
					"@executable_path/Frameworks",
				);
				PRODUCT_BUNDLE_IDENTIFIER = "sss.-516---";
				PRODUCT_NAME = "$(TARGET_NAME)";
				SWIFT_VERSION = 4.2;
				TARGETED_DEVICE_FAMILY = "1,2";
			};
			name = Release;
		};
		47441A8A2474103900D32271 /* Debug */ = {
			isa = XCBuildConfiguration;
			buildSettings = {
				ALWAYS_EMBED_SWIFT_STANDARD_LIBRARIES = YES;
				BUNDLE_LOADER = "$(TEST_HOST)";
				CODE_SIGN_STYLE = Automatic;
				INFOPLIST_FILE = "0516問答題Tests/Info.plist";
				LD_RUNPATH_SEARCH_PATHS = (
					"$(inherited)",
					"@executable_path/Frameworks",
					"@loader_path/Frameworks",
				);
				PRODUCT_BUNDLE_IDENTIFIER = "sss.-516---Tests";
				PRODUCT_NAME = "$(TARGET_NAME)";
				SWIFT_VERSION = 4.2;
				TARGETED_DEVICE_FAMILY = "1,2";
				TEST_HOST = "$(BUILT_PRODUCTS_DIR)/0516問答題.app/0516問答題";
			};
			name = Debug;
		};
		47441A8B2474103900D32271 /* Release */ = {
			isa = XCBuildConfiguration;
			buildSettings = {
				ALWAYS_EMBED_SWIFT_STANDARD_LIBRARIES = YES;
				BUNDLE_LOADER = "$(TEST_HOST)";
				CODE_SIGN_STYLE = Automatic;
				INFOPLIST_FILE = "0516問答題Tests/Info.plist";
				LD_RUNPATH_SEARCH_PATHS = (
					"$(inherited)",
					"@executable_path/Frameworks",
					"@loader_path/Frameworks",
				);
				PRODUCT_BUNDLE_IDENTIFIER = "sss.-516---Tests";
				PRODUCT_NAME = "$(TARGET_NAME)";
				SWIFT_VERSION = 4.2;
				TARGETED_DEVICE_FAMILY = "1,2";
				TEST_HOST = "$(BUILT_PRODUCTS_DIR)/0516問答題.app/0516問答題";
			};
			name = Release;
		};
		47441A8D2474103900D32271 /* Debug */ = {
			isa = XCBuildConfiguration;
			buildSettings = {
				ALWAYS_EMBED_SWIFT_STANDARD_LIBRARIES = YES;
				CODE_SIGN_STYLE = Automatic;
				INFOPLIST_FILE = "0516問答題UITests/Info.plist";
				LD_RUNPATH_SEARCH_PATHS = (
					"$(inherited)",
					"@executable_path/Frameworks",
					"@loader_path/Frameworks",
				);
				PRODUCT_BUNDLE_IDENTIFIER = "sss.-516---UITests";
				PRODUCT_NAME = "$(TARGET_NAME)";
				SWIFT_VERSION = 4.2;
				TARGETED_DEVICE_FAMILY = "1,2";
				TEST_TARGET_NAME = "0516問答題";
			};
			name = Debug;
		};
		47441A8E2474103900D32271 /* Release */ = {
			isa = XCBuildConfiguration;
			buildSettings = {
				ALWAYS_EMBED_SWIFT_STANDARD_LIBRARIES = YES;
				CODE_SIGN_STYLE = Automatic;
				INFOPLIST_FILE = "0516問答題UITests/Info.plist";
				LD_RUNPATH_SEARCH_PATHS = (
					"$(inherited)",
					"@executable_path/Frameworks",
					"@loader_path/Frameworks",
				);
				PRODUCT_BUNDLE_IDENTIFIER = "sss.-516---UITests";
				PRODUCT_NAME = "$(TARGET_NAME)";
				SWIFT_VERSION = 4.2;
				TARGETED_DEVICE_FAMILY = "1,2";
				TEST_TARGET_NAME = "0516問答題";
			};
			name = Release;
		};
/* End XCBuildConfiguration section */

/* Begin XCConfigurationList section */
		47441A592474102D00D32271 /* Build configuration list for PBXProject "0516問答題" */ = {
			isa = XCConfigurationList;
			buildConfigurations = (
				47441A842474103900D32271 /* Debug */,
				47441A852474103900D32271 /* Release */,
			);
			defaultConfigurationIsVisible = 0;
			defaultConfigurationName = Release;
		};
		47441A862474103900D32271 /* Build configuration list for PBXNativeTarget "0516問答題" */ = {
			isa = XCConfigurationList;
			buildConfigurations = (
				47441A872474103900D32271 /* Debug */,
				47441A882474103900D32271 /* Release */,
			);
			defaultConfigurationIsVisible = 0;
			defaultConfigurationName = Release;
		};
		47441A892474103900D32271 /* Build configuration list for PBXNativeTarget "0516問答題Tests" */ = {
			isa = XCConfigurationList;
			buildConfigurations = (
				47441A8A2474103900D32271 /* Debug */,
				47441A8B2474103900D32271 /* Release */,
			);
			defaultConfigurationIsVisible = 0;
			defaultConfigurationName = Release;
		};
		47441A8C2474103900D32271 /* Build configuration list for PBXNativeTarget "0516問答題UITests" */ = {
			isa = XCConfigurationList;
			buildConfigurations = (
				47441A8D2474103900D32271 /* Debug */,
				47441A8E2474103900D32271 /* Release */,
			);
			defaultConfigurationIsVisible = 0;
			defaultConfigurationName = Release;
		};
/* End XCConfigurationList section */
	};
	rootObject = 47441A562474102D00D32271 /* Project object */;
}
